
Microsoft Visual Studio Solution File, Format Version 12.00
# Visual Studio Version 17
VisualStudioVersion = 17.10.35027.167
MinimumVisualStudioVersion = 10.0.40219.1
Project("{FAE04EC0-301F-11D3-BF4B-00C04F79EFBC}") = "IdentityManagerServer", "IdentityManagerServer\IdentityManagerServer.csproj", "{E28E5183-7016-455C-BA2D-0EF2E26450C6}"
EndProject
Project("{FAE04EC0-301F-11D3-BF4B-00C04F79EFBC}") = "SharedClassLibrary", "SharedClassLibrary\SharedClassLibrary.csproj", "{0FE4B282-7197-4925-96DF-B9B05142DAE7}"
EndProject
Global
	GlobalSection(SolutionConfigurationPlatforms) = preSolution
		Debug|Any CPU = Debug|Any CPU
		Release|Any CPU = Release|Any CPU
	EndGlobalSection
	GlobalSection(ProjectConfigurationPlatforms) = postSolution
		{E28E5183-7016-455C-BA2D-0EF2E26450C6}.Debug|Any CPU.ActiveCfg = Debug|Any CPU
		{E28E5183-7016-455C-BA2D-0EF2E26450C6}.Debug|Any CPU.Build.0 = Debug|Any CPU
		{E28E5183-7016-455C-BA2D-0EF2E26450C6}.Release|Any CPU.ActiveCfg = Release|Any CPU
		{E28E5183-7016-455C-BA2D-0EF2E26450C6}.Release|Any CPU.Build.0 = Release|Any CPU
		{0FE4B282-7197-4925-96DF-B9B05142DAE7}.Debug|Any CPU.ActiveCfg = Debug|Any CPU
		{0FE4B282-7197-4925-96DF-B9B05142DAE7}.Debug|Any CPU.Build.0 = Debug|Any CPU
		{0FE4B282-7197-4925-96DF-B9B05142DAE7}.Release|Any CPU.ActiveCfg = Release|Any CPU
		{0FE4B282-7197-4925-96DF-B9B05142DAE7}.Release|Any CPU.Build.0 = Release|Any CPU
	EndGlobalSection
	GlobalSection(SolutionProperties) = preSolution
		HideSolutionNode = FALSE
	EndGlobalSection
	GlobalSection(ExtensibilityGlobals) = postSolution
		SolutionGuid = {F017C337-4DB0-4248-81F1-232BD9C4EE00}
	EndGlobalSection
EndGlobal
